
Microsoft Visual Studio Solution File, Format Version 11.00
# Visual Studio 2010
Project("{FAE04EC0-301F-11D3-BF4B-00C04F79EFBC}") = "InRixDataManager", "InRixDataManager\InRixDataManager.csproj", "{EE73D647-5643-4F72-A40E-F94E5CFE6121}"
EndProject
Global
	GlobalSection(SolutionConfigurationPlatforms) = preSolution
		Debug|Any CPU = Debug|Any CPU
		Release|Any CPU = Release|Any CPU
	EndGlobalSection
	GlobalSection(ProjectConfigurationPlatforms) = postSolution
		{EE73D647-5643-4F72-A40E-F94E5CFE6121}.Debug|Any CPU.ActiveCfg = Debug|Any CPU
		{EE73D647-5643-4F72-A40E-F94E5CFE6121}.Debug|Any CPU.Build.0 = Debug|Any CPU
		{EE73D647-5643-4F72-A40E-F94E5CFE6121}.Release|Any CPU.ActiveCfg = Release|Any CPU
		{EE73D647-5643-4F72-A40E-F94E5CFE6121}.Release|Any CPU.Build.0 = Release|Any CPU
	EndGlobalSection
	GlobalSection(SolutionProperties) = preSolution
		HideSolutionNode = FALSE
	EndGlobalSection
EndGlobal
